
Microsoft Visual Studio Solution File, Format Version 12.00
# Visual Studio Version 17
VisualStudioVersion = 17.3.32825.248
MinimumVisualStudioVersion = 10.0.40219.1
Project("{FAE04EC0-301F-11D3-BF4B-00C04F79EFBC}") = "BT2_T55", "BT2_T55\BT2_T55.csproj", "{7F4D17DE-4F73-4231-8F76-4211F5D36B9B}"
EndProject
Global
	GlobalSection(SolutionConfigurationPlatforms) = preSolution
		Debug|Any CPU = Debug|Any CPU
		Release|Any CPU = Release|Any CPU
	EndGlobalSection
	GlobalSection(ProjectConfigurationPlatforms) = postSolution
		{7F4D17DE-4F73-4231-8F76-4211F5D36B9B}.Debug|Any CPU.ActiveCfg = Debug|Any CPU
		{7F4D17DE-4F73-4231-8F76-4211F5D36B9B}.Debug|Any CPU.Build.0 = Debug|Any CPU
		{7F4D17DE-4F73-4231-8F76-4211F5D36B9B}.Release|Any CPU.ActiveCfg = Release|Any CPU
		{7F4D17DE-4F73-4231-8F76-4211F5D36B9B}.Release|Any CPU.Build.0 = Release|Any CPU
	EndGlobalSection
	GlobalSection(SolutionProperties) = preSolution
		HideSolutionNode = FALSE
	EndGlobalSection
	GlobalSection(ExtensibilityGlobals) = postSolution
		SolutionGuid = {B90FCE3A-F4C4-4786-B192-FB66440AE13F}
	EndGlobalSection
EndGlobal
