
Microsoft Visual Studio Solution File, Format Version 12.00
# Visual Studio Version 17
VisualStudioVersion = 17.3.32825.248
MinimumVisualStudioVersion = 10.0.40219.1
Project("{FAE04EC0-301F-11D3-BF4B-00C04F79EFBC}") = "Bai7", "Bai7\Bai7.csproj", "{FC18B9DF-4F5E-4837-97CA-4AE04813316C}"
EndProject
Global
	GlobalSection(SolutionConfigurationPlatforms) = preSolution
		Debug|Any CPU = Debug|Any CPU
		Release|Any CPU = Release|Any CPU
	EndGlobalSection
	GlobalSection(ProjectConfigurationPlatforms) = postSolution
		{FC18B9DF-4F5E-4837-97CA-4AE04813316C}.Debug|Any CPU.ActiveCfg = Debug|Any CPU
		{FC18B9DF-4F5E-4837-97CA-4AE04813316C}.Debug|Any CPU.Build.0 = Debug|Any CPU
		{FC18B9DF-4F5E-4837-97CA-4AE04813316C}.Release|Any CPU.ActiveCfg = Release|Any CPU
		{FC18B9DF-4F5E-4837-97CA-4AE04813316C}.Release|Any CPU.Build.0 = Release|Any CPU
	EndGlobalSection
	GlobalSection(SolutionProperties) = preSolution
		HideSolutionNode = FALSE
	EndGlobalSection
	GlobalSection(ExtensibilityGlobals) = postSolution
		SolutionGuid = {6F7F2895-FF9B-40F7-8068-4720EEF9C0F3}
	EndGlobalSection
EndGlobal
