
Microsoft Visual Studio Solution File, Format Version 12.00
# Visual Studio Version 17
VisualStudioVersion = 17.3.32811.315
MinimumVisualStudioVersion = 10.0.40219.1
Project("{FAE04EC0-301F-11D3-BF4B-00C04F79EFBC}") = "Bai1", "Bai1\Bai1.csproj", "{CAB36244-B121-42EE-BA8A-88AF88C426CC}"
EndProject
Global
	GlobalSection(SolutionConfigurationPlatforms) = preSolution
		Debug|Any CPU = Debug|Any CPU
		Release|Any CPU = Release|Any CPU
	EndGlobalSection
	GlobalSection(ProjectConfigurationPlatforms) = postSolution
		{CAB36244-B121-42EE-BA8A-88AF88C426CC}.Debug|Any CPU.ActiveCfg = Debug|Any CPU
		{CAB36244-B121-42EE-BA8A-88AF88C426CC}.Debug|Any CPU.Build.0 = Debug|Any CPU
		{CAB36244-B121-42EE-BA8A-88AF88C426CC}.Release|Any CPU.ActiveCfg = Release|Any CPU
		{CAB36244-B121-42EE-BA8A-88AF88C426CC}.Release|Any CPU.Build.0 = Release|Any CPU
	EndGlobalSection
	GlobalSection(SolutionProperties) = preSolution
		HideSolutionNode = FALSE
	EndGlobalSection
	GlobalSection(ExtensibilityGlobals) = postSolution
		SolutionGuid = {3E6FA503-AF37-40F7-92AF-412CBAB7EA84}
	EndGlobalSection
EndGlobal
