
Microsoft Visual Studio Solution File, Format Version 12.00
# Visual Studio Version 17
VisualStudioVersion = 17.2.32616.157
MinimumVisualStudioVersion = 10.0.40219.1
Project("{FAE04EC0-301F-11D3-BF4B-00C04F79EFBC}") = "Vidu1", "Vidu1\Vidu1.csproj", "{B00D31D0-3FA9-4502-960E-33B624223958}"
EndProject
Project("{FAE04EC0-301F-11D3-BF4B-00C04F79EFBC}") = "nguoigui", "nguoigui\nguoigui.csproj", "{FE5E3A8D-7017-49BB-9787-0E4586B24451}"
EndProject
Global
	GlobalSection(SolutionConfigurationPlatforms) = preSolution
		Debug|Any CPU = Debug|Any CPU
		Release|Any CPU = Release|Any CPU
	EndGlobalSection
	GlobalSection(ProjectConfigurationPlatforms) = postSolution
		{B00D31D0-3FA9-4502-960E-33B624223958}.Debug|Any CPU.ActiveCfg = Debug|Any CPU
		{B00D31D0-3FA9-4502-960E-33B624223958}.Debug|Any CPU.Build.0 = Debug|Any CPU
		{B00D31D0-3FA9-4502-960E-33B624223958}.Release|Any CPU.ActiveCfg = Release|Any CPU
		{B00D31D0-3FA9-4502-960E-33B624223958}.Release|Any CPU.Build.0 = Release|Any CPU
		{FE5E3A8D-7017-49BB-9787-0E4586B24451}.Debug|Any CPU.ActiveCfg = Debug|Any CPU
		{FE5E3A8D-7017-49BB-9787-0E4586B24451}.Debug|Any CPU.Build.0 = Debug|Any CPU
		{FE5E3A8D-7017-49BB-9787-0E4586B24451}.Release|Any CPU.ActiveCfg = Release|Any CPU
		{FE5E3A8D-7017-49BB-9787-0E4586B24451}.Release|Any CPU.Build.0 = Release|Any CPU
	EndGlobalSection
	GlobalSection(SolutionProperties) = preSolution
		HideSolutionNode = FALSE
	EndGlobalSection
	GlobalSection(ExtensibilityGlobals) = postSolution
		SolutionGuid = {1157BC54-960C-489E-887E-DB8F11786C89}
	EndGlobalSection
EndGlobal
