
Microsoft Visual Studio Solution File, Format Version 12.00
# Visual Studio Version 17
VisualStudioVersion = 17.3.32819.101
MinimumVisualStudioVersion = 10.0.40219.1
Project("{FAE04EC0-301F-11D3-BF4B-00C04F79EFBC}") = "Bai02_Tuan2", "Bai02\Bai02_Tuan2.csproj", "{D3CBCE55-3C17-42B6-8981-D4F66B5A0995}"
EndProject
Global
	GlobalSection(SolutionConfigurationPlatforms) = preSolution
		Debug|Any CPU = Debug|Any CPU
		Release|Any CPU = Release|Any CPU
	EndGlobalSection
	GlobalSection(ProjectConfigurationPlatforms) = postSolution
		{D3CBCE55-3C17-42B6-8981-D4F66B5A0995}.Debug|Any CPU.ActiveCfg = Debug|Any CPU
		{D3CBCE55-3C17-42B6-8981-D4F66B5A0995}.Debug|Any CPU.Build.0 = Debug|Any CPU
		{D3CBCE55-3C17-42B6-8981-D4F66B5A0995}.Release|Any CPU.ActiveCfg = Release|Any CPU
		{D3CBCE55-3C17-42B6-8981-D4F66B5A0995}.Release|Any CPU.Build.0 = Release|Any CPU
	EndGlobalSection
	GlobalSection(SolutionProperties) = preSolution
		HideSolutionNode = FALSE
	EndGlobalSection
	GlobalSection(ExtensibilityGlobals) = postSolution
		SolutionGuid = {22F63291-D82C-4A77-BAE8-C964C8668749}
	EndGlobalSection
EndGlobal
