
Microsoft Visual Studio Solution File, Format Version 12.00
# Visual Studio Version 17
VisualStudioVersion = 17.3.32825.248
MinimumVisualStudioVersion = 10.0.40219.1
Project("{FAE04EC0-301F-11D3-BF4B-00C04F79EFBC}") = "QLCUAHANGBANSACH", "QLCUAHANGBANSACH\QLCUAHANGBANSACH.csproj", "{6672A3DB-0C14-4D45-9794-4E8DEE612584}"
EndProject
Global
	GlobalSection(SolutionConfigurationPlatforms) = preSolution
		Debug|Any CPU = Debug|Any CPU
		Release|Any CPU = Release|Any CPU
	EndGlobalSection
	GlobalSection(ProjectConfigurationPlatforms) = postSolution
		{6672A3DB-0C14-4D45-9794-4E8DEE612584}.Debug|Any CPU.ActiveCfg = Debug|Any CPU
		{6672A3DB-0C14-4D45-9794-4E8DEE612584}.Debug|Any CPU.Build.0 = Debug|Any CPU
		{6672A3DB-0C14-4D45-9794-4E8DEE612584}.Release|Any CPU.ActiveCfg = Release|Any CPU
		{6672A3DB-0C14-4D45-9794-4E8DEE612584}.Release|Any CPU.Build.0 = Release|Any CPU
	EndGlobalSection
	GlobalSection(SolutionProperties) = preSolution
		HideSolutionNode = FALSE
	EndGlobalSection
	GlobalSection(ExtensibilityGlobals) = postSolution
		SolutionGuid = {AF661BD7-7574-44DA-806C-6DF59E5A40E4}
	EndGlobalSection
EndGlobal
