
Microsoft Visual Studio Solution File, Format Version 12.00
# Visual Studio Version 17
VisualStudioVersion = 17.3.32825.248
MinimumVisualStudioVersion = 10.0.40219.1
Project("{FAE04EC0-301F-11D3-BF4B-00C04F79EFBC}") = "BTVN3", "BTVN3\BTVN3.csproj", "{33695700-2840-43AB-9A4F-F30C002CFABE}"
EndProject
Global
	GlobalSection(SolutionConfigurationPlatforms) = preSolution
		Debug|Any CPU = Debug|Any CPU
		Release|Any CPU = Release|Any CPU
	EndGlobalSection
	GlobalSection(ProjectConfigurationPlatforms) = postSolution
		{33695700-2840-43AB-9A4F-F30C002CFABE}.Debug|Any CPU.ActiveCfg = Debug|Any CPU
		{33695700-2840-43AB-9A4F-F30C002CFABE}.Debug|Any CPU.Build.0 = Debug|Any CPU
		{33695700-2840-43AB-9A4F-F30C002CFABE}.Release|Any CPU.ActiveCfg = Release|Any CPU
		{33695700-2840-43AB-9A4F-F30C002CFABE}.Release|Any CPU.Build.0 = Release|Any CPU
	EndGlobalSection
	GlobalSection(SolutionProperties) = preSolution
		HideSolutionNode = FALSE
	EndGlobalSection
	GlobalSection(ExtensibilityGlobals) = postSolution
		SolutionGuid = {90C4D9C6-0FF7-41C9-8FB9-756C82738037}
	EndGlobalSection
EndGlobal
