
Microsoft Visual Studio Solution File, Format Version 12.00
# Visual Studio Version 17
VisualStudioVersion = 17.3.32819.101
MinimumVisualStudioVersion = 10.0.40219.1
Project("{FAE04EC0-301F-11D3-BF4B-00C04F79EFBC}") = "Vd1", "Vd1\Vd1.csproj", "{DF6E5845-9A45-4CE0-8AD1-7A2AC824818E}"
EndProject
Global
	GlobalSection(SolutionConfigurationPlatforms) = preSolution
		Debug|Any CPU = Debug|Any CPU
		Release|Any CPU = Release|Any CPU
	EndGlobalSection
	GlobalSection(ProjectConfigurationPlatforms) = postSolution
		{DF6E5845-9A45-4CE0-8AD1-7A2AC824818E}.Debug|Any CPU.ActiveCfg = Debug|Any CPU
		{DF6E5845-9A45-4CE0-8AD1-7A2AC824818E}.Debug|Any CPU.Build.0 = Debug|Any CPU
		{DF6E5845-9A45-4CE0-8AD1-7A2AC824818E}.Release|Any CPU.ActiveCfg = Release|Any CPU
		{DF6E5845-9A45-4CE0-8AD1-7A2AC824818E}.Release|Any CPU.Build.0 = Release|Any CPU
	EndGlobalSection
	GlobalSection(SolutionProperties) = preSolution
		HideSolutionNode = FALSE
	EndGlobalSection
	GlobalSection(ExtensibilityGlobals) = postSolution
		SolutionGuid = {966B4158-9996-4E79-B209-03747E423F83}
	EndGlobalSection
EndGlobal
